
Microsoft Visual Studio Solution File, Format Version 12.00
# Visual Studio 15
VisualStudioVersion = 15.0.26403.7
MinimumVisualStudioVersion = 10.0.40219.1
Project("{FAE04EC0-301F-11D3-BF4B-00C04F79EFBC}") = "Exercise1", "Exercise1\Exercise1.csproj", "{D12724DB-E0D2-457B-97A1-FF85926470EC}"
EndProject
Project("{FAE04EC0-301F-11D3-BF4B-00C04F79EFBC}") = "Exercise2", "Exercise2\Exercise2.csproj", "{F7431441-6096-490F-A6E2-F8E2B4F6835A}"
EndProject
Global
	GlobalSection(SolutionConfigurationPlatforms) = preSolution
		Debug|Any CPU = Debug|Any CPU
		Release|Any CPU = Release|Any CPU
	EndGlobalSection
	GlobalSection(ProjectConfigurationPlatforms) = postSolution
		{D12724DB-E0D2-457B-97A1-FF85926470EC}.Debug|Any CPU.ActiveCfg = Debug|Any CPU
		{D12724DB-E0D2-457B-97A1-FF85926470EC}.Debug|Any CPU.Build.0 = Debug|Any CPU
		{D12724DB-E0D2-457B-97A1-FF85926470EC}.Release|Any CPU.ActiveCfg = Release|Any CPU
		{D12724DB-E0D2-457B-97A1-FF85926470EC}.Release|Any CPU.Build.0 = Release|Any CPU
		{F7431441-6096-490F-A6E2-F8E2B4F6835A}.Debug|Any CPU.ActiveCfg = Debug|Any CPU
		{F7431441-6096-490F-A6E2-F8E2B4F6835A}.Debug|Any CPU.Build.0 = Debug|Any CPU
		{F7431441-6096-490F-A6E2-F8E2B4F6835A}.Release|Any CPU.ActiveCfg = Release|Any CPU
		{F7431441-6096-490F-A6E2-F8E2B4F6835A}.Release|Any CPU.Build.0 = Release|Any CPU
	EndGlobalSection
	GlobalSection(SolutionProperties) = preSolution
		HideSolutionNode = FALSE
	EndGlobalSection
EndGlobal
